// !$*UTF8*$!
{
	archiveVersion = 1;
	classes = {
	};
	objectVersion = 55;
	objects = {

/* Begin PBXBuildFile section */
		59EB0E9A27BC200D0025D519 /* AppDelegate.swift in Sources */ = {isa = PBXBuildFile; fileRef = 59EB0E9927BC200D0025D519 /* AppDelegate.swift */; };
		59EB0E9C27BC200D0025D519 /* SceneDelegate.swift in Sources */ = {isa = PBXBuildFile; fileRef = 59EB0E9B27BC200D0025D519 /* SceneDelegate.swift */; };
		59EB0E9E27BC200D0025D519 /* ViewController.swift in Sources */ = {isa = PBXBuildFile; fileRef = 59EB0E9D27BC200D0025D519 /* ViewController.swift */; };
		59EB0EA127BC200D0025D519 /* Main.storyboard in Resources */ = {isa = PBXBuildFile; fileRef = 59EB0E9F27BC200D0025D519 /* Main.storyboard */; };
		59EB0EA327BC200F0025D519 /* Assets.xcassets in Resources */ = {isa = PBXBuildFile; fileRef = 59EB0EA227BC200F0025D519 /* Assets.xcassets */; };
		59EB0EA627BC200F0025D519 /* LaunchScreen.storyboard in Resources */ = {isa = PBXBuildFile; fileRef = 59EB0EA427BC200F0025D519 /* LaunchScreen.storyboard */; };
		59EB0EB127BC200F0025D519 /* DiscountAppTests.swift in Sources */ = {isa = PBXBuildFile; fileRef = 59EB0EB027BC200F0025D519 /* DiscountAppTests.swift */; };
		59EB0EBB27BC200F0025D519 /* DiscountAppUITests.swift in Sources */ = {isa = PBXBuildFile; fileRef = 59EB0EBA27BC200F0025D519 /* DiscountAppUITests.swift */; };
		59EB0EBD27BC200F0025D519 /* DiscountAppUITestsLaunchTests.swift in Sources */ = {isa = PBXBuildFile; fileRef = 59EB0EBC27BC200F0025D519 /* DiscountAppUITestsLaunchTests.swift */; };
/* End PBXBuildFile section */

/* Begin PBXContainerItemProxy section */
		59EB0EAD27BC200F0025D519 /* PBXContainerItemProxy */ = {
			isa = PBXContainerItemProxy;
			containerPortal = 59EB0E8E27BC200D0025D519 /* Project object */;
			proxyType = 1;
			remoteGlobalIDString = 59EB0E9527BC200D0025D519;
			remoteInfo = DiscountApp;
		};
		59EB0EB727BC200F0025D519 /* PBXContainerItemProxy */ = {
			isa = PBXContainerItemProxy;
			containerPortal = 59EB0E8E27BC200D0025D519 /* Project object */;
			proxyType = 1;
			remoteGlobalIDString = 59EB0E9527BC200D0025D519;
			remoteInfo = DiscountApp;
		};
/* End PBXContainerItemProxy section */

/* Begin PBXFileReference section */
		59EB0E9627BC200D0025D519 /* DiscountApp.app */ = {isa = PBXFileReference; explicitFileType = wrapper.application; includeInIndex = 0; path = DiscountApp.app; sourceTree = BUILT_PRODUCTS_DIR; };
		59EB0E9927BC200D0025D519 /* AppDelegate.swift */ = {isa = PBXFileReference; lastKnownFileType = sourcecode.swift; path = AppDelegate.swift; sourceTree = "<group>"; };
		59EB0E9B27BC200D0025D519 /* SceneDelegate.swift */ = {isa = PBXFileReference; lastKnownFileType = sourcecode.swift; path = SceneDelegate.swift; sourceTree = "<group>"; };
		59EB0E9D27BC200D0025D519 /* ViewController.swift */ = {isa = PBXFileReference; lastKnownFileType = sourcecode.swift; path = ViewController.swift; sourceTree = "<group>"; };
		59EB0EA027BC200D0025D519 /* Base */ = {isa = PBXFileReference; lastKnownFileType = file.storyboard; name = Base; path = Base.lproj/Main.storyboard; sourceTree = "<group>"; };
		59EB0EA227BC200F0025D519 /* Assets.xcassets */ = {isa = PBXFileReference; lastKnownFileType = folder.assetcatalog; path = Assets.xcassets; sourceTree = "<group>"; };
		59EB0EA527BC200F0025D519 /* Base */ = {isa = PBXFileReference; lastKnownFileType = file.storyboard; name = Base; path = Base.lproj/LaunchScreen.storyboard; sourceTree = "<group>"; };
		59EB0EA727BC200F0025D519 /* Info.plist */ = {isa = PBXFileReference; lastKnownFileType = text.plist.xml; path = Info.plist; sourceTree = "<group>"; };
		59EB0EAC27BC200F0025D519 /* DiscountAppTests.xctest */ = {isa = PBXFileReference; explicitFileType = wrapper.cfbundle; includeInIndex = 0; path = DiscountAppTests.xctest; sourceTree = BUILT_PRODUCTS_DIR; };
		59EB0EB027BC200F0025D519 /* DiscountAppTests.swift */ = {isa = PBXFileReference; lastKnownFileType = sourcecode.swift; path = DiscountAppTests.swift; sourceTree = "<group>"; };
		59EB0EB627BC200F0025D519 /* DiscountAppUITests.xctest */ = {isa = PBXFileReference; explicitFileType = wrapper.cfbundle; includeInIndex = 0; path = DiscountAppUITests.xctest; sourceTree = BUILT_PRODUCTS_DIR; };
		59EB0EBA27BC200F0025D519 /* DiscountAppUITests.swift */ = {isa = PBXFileReference; lastKnownFileType = sourcecode.swift; path = DiscountAppUITests.swift; sourceTree = "<group>"; };
		59EB0EBC27BC200F0025D519 /* DiscountAppUITestsLaunchTests.swift */ = {isa = PBXFileReference; lastKnownFileType = sourcecode.swift; path = DiscountAppUITestsLaunchTests.swift; sourceTree = "<group>"; };
/* End PBXFileReference section */

/* Begin PBXFrameworksBuildPhase section */
		59EB0E9327BC200D0025D519 /* Frameworks */ = {
			isa = PBXFrameworksBuildPhase;
			buildActionMask = 2147483647;
			files = (
			);
			runOnlyForDeploymentPostprocessing = 0;
		};
		59EB0EA927BC200F0025D519 /* Frameworks */ = {
			isa = PBXFrameworksBuildPhase;
			buildActionMask = 2147483647;
			files = (
			);
			runOnlyForDeploymentPostprocessing = 0;
		};
		59EB0EB327BC200F0025D519 /* Frameworks */ = {
			isa = PBXFrameworksBuildPhase;
			buildActionMask = 2147483647;
			files = (
			);
			runOnlyForDeploymentPostprocessing = 0;
		};
/* End PBXFrameworksBuildPhase section */

/* Begin PBXGroup section */
		59EB0E8D27BC200D0025D519 = {
			isa = PBXGroup;
			children = (
				59EB0E9827BC200D0025D519 /* DiscountApp */,
				59EB0EAF27BC200F0025D519 /* DiscountAppTests */,
				59EB0EB927BC200F0025D519 /* DiscountAppUITests */,
				59EB0E9727BC200D0025D519 /* Products */,
			);
			sourceTree = "<group>";
		};
		59EB0E9727BC200D0025D519 /* Products */ = {
			isa = PBXGroup;
			children = (
				59EB0E9627BC200D0025D519 /* DiscountApp.app */,
				59EB0EAC27BC200F0025D519 /* DiscountAppTests.xctest */,
				59EB0EB627BC200F0025D519 /* DiscountAppUITests.xctest */,
			);
			name = Products;
			sourceTree = "<group>";
		};
		59EB0E9827BC200D0025D519 /* DiscountApp */ = {
			isa = PBXGroup;
			children = (
				59EB0E9927BC200D0025D519 /* AppDelegate.swift */,
				59EB0E9B27BC200D0025D519 /* SceneDelegate.swift */,
				59EB0E9D27BC200D0025D519 /* ViewController.swift */,
				59EB0E9F27BC200D0025D519 /* Main.storyboard */,
				59EB0EA227BC200F0025D519 /* Assets.xcassets */,
				59EB0EA427BC200F0025D519 /* LaunchScreen.storyboard */,
				59EB0EA727BC200F0025D519 /* Info.plist */,
			);
			path = DiscountApp;
			sourceTree = "<group>";
		};
		59EB0EAF27BC200F0025D519 /* DiscountAppTests */ = {
			isa = PBXGroup;
			children = (
				59EB0EB027BC200F0025D519 /* DiscountAppTests.swift */,
			);
			path = DiscountAppTests;
			sourceTree = "<group>";
		};
		59EB0EB927BC200F0025D519 /* DiscountAppUITests */ = {
			isa = PBXGroup;
			children = (
				59EB0EBA27BC200F0025D519 /* DiscountAppUITests.swift */,
				59EB0EBC27BC200F0025D519 /* DiscountAppUITestsLaunchTests.swift */,
			);
			path = DiscountAppUITests;
			sourceTree = "<group>";
		};
/* End PBXGroup section */

/* Begin PBXNativeTarget section */
		59EB0E9527BC200D0025D519 /* DiscountApp */ = {
			isa = PBXNativeTarget;
			buildConfigurationList = 59EB0EC027BC200F0025D519 /* Build configuration list for PBXNativeTarget "DiscountApp" */;
			buildPhases = (
				59EB0E9227BC200D0025D519 /* Sources */,
				59EB0E9327BC200D0025D519 /* Frameworks */,
				59EB0E9427BC200D0025D519 /* Resources */,
			);
			buildRules = (
			);
			dependencies = (
			);
			name = DiscountApp;
			productName = DiscountApp;
			productReference = 59EB0E9627BC200D0025D519 /* DiscountApp.app */;
			productType = "com.apple.product-type.application";
		};
		59EB0EAB27BC200F0025D519 /* DiscountAppTests */ = {
			isa = PBXNativeTarget;
			buildConfigurationList = 59EB0EC327BC200F0025D519 /* Build configuration list for PBXNativeTarget "DiscountAppTests" */;
			buildPhases = (
				59EB0EA827BC200F0025D519 /* Sources */,
				59EB0EA927BC200F0025D519 /* Frameworks */,
				59EB0EAA27BC200F0025D519 /* Resources */,
			);
			buildRules = (
			);
			dependencies = (
				59EB0EAE27BC200F0025D519 /* PBXTargetDependency */,
			);
			name = DiscountAppTests;
			productName = DiscountAppTests;
			productReference = 59EB0EAC27BC200F0025D519 /* DiscountAppTests.xctest */;
			productType = "com.apple.product-type.bundle.unit-test";
		};
		59EB0EB527BC200F0025D519 /* DiscountAppUITests */ = {
			isa = PBXNativeTarget;
			buildConfigurationList = 59EB0EC627BC200F0025D519 /* Build configuration list for PBXNativeTarget "DiscountAppUITests" */;
			buildPhases = (
				59EB0EB227BC200F0025D519 /* Sources */,
				59EB0EB327BC200F0025D519 /* Frameworks */,
				59EB0EB427BC200F0025D519 /* Resources */,
			);
			buildRules = (
			);
			dependencies = (
				59EB0EB827BC200F0025D519 /* PBXTargetDependency */,
			);
			name = DiscountAppUITests;
			productName = DiscountAppUITests;
			productReference = 59EB0EB627BC200F0025D519 /* DiscountAppUITests.xctest */;
			productType = "com.apple.product-type.bundle.ui-testing";
		};
/* End PBXNativeTarget section */

/* Begin PBXProject section */
		59EB0E8E27BC200D0025D519 /* Project object */ = {
			isa = PBXProject;
			attributes = {
				BuildIndependentTargetsInParallel = 1;
				LastSwiftUpdateCheck = 1320;
				LastUpgradeCheck = 1320;
				TargetAttributes = {
					59EB0E9527BC200D0025D519 = {
						CreatedOnToolsVersion = 13.2.1;
					};
					59EB0EAB27BC200F0025D519 = {
						CreatedOnToolsVersion = 13.2.1;
						TestTargetID = 59EB0E9527BC200D0025D519;
					};
					59EB0EB527BC200F0025D519 = {
						CreatedOnToolsVersion = 13.2.1;
						TestTargetID = 59EB0E9527BC200D0025D519;
					};
				};
			};
			buildConfigurationList = 59EB0E9127BC200D0025D519 /* Build configuration list for PBXProject "DiscountApp" */;
			compatibilityVersion = "Xcode 13.0";
			developmentRegion = en;
			hasScannedForEncodings = 0;
			knownRegions = (
				en,
				Base,
			);
			mainGroup = 59EB0E8D27BC200D0025D519;
			productRefGroup = 59EB0E9727BC200D0025D519 /* Products */;
			projectDirPath = "";
			projectRoot = "";
			targets = (
				59EB0E9527BC200D0025D519 /* DiscountApp */,
				59EB0EAB27BC200F0025D519 /* DiscountAppTests */,
				59EB0EB527BC200F0025D519 /* DiscountAppUITests */,
			);
		};
/* End PBXProject section */

/* Begin PBXResourcesBuildPhase section */
		59EB0E9427BC200D0025D519 /* Resources */ = {
			isa = PBXResourcesBuildPhase;
			buildActionMask = 2147483647;
			files = (
				59EB0EA627BC200F0025D519 /* LaunchScreen.storyboard in Resources */,
				59EB0EA327BC200F0025D519 /* Assets.xcassets in Resources */,
				59EB0EA127BC200D0025D519 /* Main.storyboard in Resources */,
			);
			runOnlyForDeploymentPostprocessing = 0;
		};
		59EB0EAA27BC200F0025D519 /* Resources */ = {
			isa = PBXResourcesBuildPhase;
			buildActionMask = 2147483647;
			files = (
			);
			runOnlyForDeploymentPostprocessing = 0;
		};
		59EB0EB427BC200F0025D519 /* Resources */ = {
			isa = PBXResourcesBuildPhase;
			buildActionMask = 2147483647;
			files = (
			);
			runOnlyForDeploymentPostprocessing = 0;
		};
/* End PBXResourcesBuildPhase section */

/* Begin PBXSourcesBuildPhase section */
		59EB0E9227BC200D0025D519 /* Sources */ = {
			isa = PBXSourcesBuildPhase;
			buildActionMask = 2147483647;
			files = (
				59EB0E9E27BC200D0025D519 /* ViewController.swift in Sources */,
				59EB0E9A27BC200D0025D519 /* AppDelegate.swift in Sources */,
				59EB0E9C27BC200D0025D519 /* SceneDelegate.swift in Sources */,
			);
			runOnlyForDeploymentPostprocessing = 0;
		};
		59EB0EA827BC200F0025D519 /* Sources */ = {
			isa = PBXSourcesBuildPhase;
			buildActionMask = 2147483647;
			files = (
				59EB0EB127BC200F0025D519 /* DiscountAppTests.swift in Sources */,
			);
			runOnlyForDeploymentPostprocessing = 0;
		};
		59EB0EB227BC200F0025D519 /* Sources */ = {
			isa = PBXSourcesBuildPhase;
			buildActionMask = 2147483647;
			files = (
				59EB0EBB27BC200F0025D519 /* DiscountAppUITests.swift in Sources */,
				59EB0EBD27BC200F0025D519 /* DiscountAppUITestsLaunchTests.swift in Sources */,
			);
			runOnlyForDeploymentPostprocessing = 0;
		};
/* End PBXSourcesBuildPhase section */

/* Begin PBXTargetDependency section */
		59EB0EAE27BC200F0025D519 /* PBXTargetDependency */ = {
			isa = PBXTargetDependency;
			target = 59EB0E9527BC200D0025D519 /* DiscountApp */;
			targetProxy = 59EB0EAD27BC200F0025D519 /* PBXContainerItemProxy */;
		};
		59EB0EB827BC200F0025D519 /* PBXTargetDependency */ = {
			isa = PBXTargetDependency;
			target = 59EB0E9527BC200D0025D519 /* DiscountApp */;
			targetProxy = 59EB0EB727BC200F0025D519 /* PBXContainerItemProxy */;
		};
/* End PBXTargetDependency section */

/* Begin PBXVariantGroup section */
		59EB0E9F27BC200D0025D519 /* Main.storyboard */ = {
			isa = PBXVariantGroup;
			children = (
				59EB0EA027BC200D0025D519 /* Base */,
			);
			name = Main.storyboard;
			sourceTree = "<group>";
		};
		59EB0EA427BC200F0025D519 /* LaunchScreen.storyboard */ = {
			isa = PBXVariantGroup;
			children = (
				59EB0EA527BC200F0025D519 /* Base */,
			);
			name = LaunchScreen.storyboard;
			sourceTree = "<group>";
		};
/* End PBXVariantGroup section */

/* Begin XCBuildConfiguration section */
		59EB0EBE27BC200F0025D519 /* Debug */ = {
			isa = XCBuildConfiguration;
			buildSettings = {
				ALWAYS_SEARCH_USER_PATHS = NO;
				CLANG_ANALYZER_NONNULL = YES;
				CLANG_ANALYZER_NUMBER_OBJECT_CONVERSION = YES_AGGRESSIVE;
				CLANG_CXX_LANGUAGE_STANDARD = "gnu++17";
				CLANG_CXX_LIBRARY = "libc++";
				CLANG_ENABLE_MODULES = YES;
				CLANG_ENABLE_OBJC_ARC = YES;
				CLANG_ENABLE_OBJC_WEAK = YES;
				CLANG_WARN_BLOCK_CAPTURE_AUTORELEASING = YES;
				CLANG_WARN_BOOL_CONVERSION = YES;
				CLANG_WARN_COMMA = YES;
				CLANG_WARN_CONSTANT_CONVERSION = YES;
				CLANG_WARN_DEPRECATED_OBJC_IMPLEMENTATIONS = YES;
				CLANG_WARN_DIRECT_OBJC_ISA_USAGE = YES_ERROR;
				CLANG_WARN_DOCUMENTATION_COMMENTS = YES;
				CLANG_WARN_EMPTY_BODY = YES;
				CLANG_WARN_ENUM_CONVERSION = YES;
				CLANG_WARN_INFINITE_RECURSION = YES;
				CLANG_WARN_INT_CONVERSION = YES;
				CLANG_WARN_NON_LITERAL_NULL_CONVERSION = YES;
				CLANG_WARN_OBJC_IMPLICIT_RETAIN_SELF = YES;
				CLANG_WARN_OBJC_LITERAL_CONVERSION = YES;
				CLANG_WARN_OBJC_ROOT_CLASS = YES_ERROR;
				CLANG_WARN_QUOTED_INCLUDE_IN_FRAMEWORK_HEADER = YES;
				CLANG_WARN_RANGE_LOOP_ANALYSIS = YES;
				CLANG_WARN_STRICT_PROTOTYPES = YES;
				CLANG_WARN_SUSPICIOUS_MOVE = YES;
				CLANG_WARN_UNGUARDED_AVAILABILITY = YES_AGGRESSIVE;
				CLANG_WARN_UNREACHABLE_CODE = YES;
				CLANG_WARN__DUPLICATE_METHOD_MATCH = YES;
				COPY_PHASE_STRIP = NO;
				DEBUG_INFORMATION_FORMAT = dwarf;
				ENABLE_STRICT_OBJC_MSGSEND = YES;
				ENABLE_TESTABILITY = YES;
				GCC_C_LANGUAGE_STANDARD = gnu11;
				GCC_DYNAMIC_NO_PIC = NO;
				GCC_NO_COMMON_BLOCKS = YES;
				GCC_OPTIMIZATION_LEVEL = 0;
				GCC_PREPROCESSOR_DEFINITIONS = (
					"DEBUG=1",
					"$(inherited)",
				);
				GCC_WARN_64_TO_32_BIT_CONVERSION = YES;
				GCC_WARN_ABOUT_RETURN_TYPE = YES_ERROR;
				GCC_WARN_UNDECLARED_SELECTOR = YES;
				GCC_WARN_UNINITIALIZED_AUTOS = YES_AGGRESSIVE;
				GCC_WARN_UNUSED_FUNCTION = YES;
				GCC_WARN_UNUSED_VARIABLE = YES;
				IPHONEOS_DEPLOYMENT_TARGET = 15.2;
				MTL_ENABLE_DEBUG_INFO = INCLUDE_SOURCE;
				MTL_FAST_MATH = YES;
				ONLY_ACTIVE_ARCH = YES;
				SDKROOT = iphoneos;
				SWIFT_ACTIVE_COMPILATION_CONDITIONS = DEBUG;
				SWIFT_OPTIMIZATION_LEVEL = "-Onone";
			};
			name = Debug;
		};
		59EB0EBF27BC200F0025D519 /* Release */ = {
			isa = XCBuildConfiguration;
			buildSettings = {
				ALWAYS_SEARCH_USER_PATHS = NO;
				CLANG_ANALYZER_NONNULL = YES;
				CLANG_ANALYZER_NUMBER_OBJECT_CONVERSION = YES_AGGRESSIVE;
				CLANG_CXX_LANGUAGE_STANDARD = "gnu++17";
				CLANG_CXX_LIBRARY = "libc++";
				CLANG_ENABLE_MODULES = YES;
				CLANG_ENABLE_OBJC_ARC = YES;
				CLANG_ENABLE_OBJC_WEAK = YES;
				CLANG_WARN_BLOCK_CAPTURE_AUTORELEASING = YES;
				CLANG_WARN_BOOL_CONVERSION = YES;
				CLANG_WARN_COMMA = YES;
				CLANG_WARN_CONSTANT_CONVERSION = YES;
				CLANG_WARN_DEPRECATED_OBJC_IMPLEMENTATIONS = YES;
				CLANG_WARN_DIRECT_OBJC_ISA_USAGE = YES_ERROR;
				CLANG_WARN_DOCUMENTATION_COMMENTS = YES;
				CLANG_WARN_EMPTY_BODY = YES;
				CLANG_WARN_ENUM_CONVERSION = YES;
				CLANG_WARN_INFINITE_RECURSION = YES;
				CLANG_WARN_INT_CONVERSION = YES;
				CLANG_WARN_NON_LITERAL_NULL_CONVERSION = YES;
				CLANG_WARN_OBJC_IMPLICIT_RETAIN_SELF = YES;
				CLANG_WARN_OBJC_LITERAL_CONVERSION = YES;
				CLANG_WARN_OBJC_ROOT_CLASS = YES_ERROR;
				CLANG_WARN_QUOTED_INCLUDE_IN_FRAMEWORK_HEADER = YES;
				CLANG_WARN_RANGE_LOOP_ANALYSIS = YES;
				CLANG_WARN_STRICT_PROTOTYPES = YES;
				CLANG_WARN_SUSPICIOUS_MOVE = YES;
				CLANG_WARN_UNGUARDED_AVAILABILITY = YES_AGGRESSIVE;
				CLANG_WARN_UNREACHABLE_CODE = YES;
				CLANG_WARN__DUPLICATE_METHOD_MATCH = YES;
				COPY_PHASE_STRIP = NO;
				DEBUG_INFORMATION_FORMAT = "dwarf-with-dsym";
				ENABLE_NS_ASSERTIONS = NO;
				ENABLE_STRICT_OBJC_MSGSEND = YES;
				GCC_C_LANGUAGE_STANDARD = gnu11;
				GCC_NO_COMMON_BLOCKS = YES;
				GCC_WARN_64_TO_32_BIT_CONVERSION = YES;
				GCC_WARN_ABOUT_RETURN_TYPE = YES_ERROR;
				GCC_WARN_UNDECLARED_SELECTOR = YES;
				GCC_WARN_UNINITIALIZED_AUTOS = YES_AGGRESSIVE;
				GCC_WARN_UNUSED_FUNCTION = YES;
				GCC_WARN_UNUSED_VARIABLE = YES;
				IPHONEOS_DEPLOYMENT_TARGET = 15.2;
				MTL_ENABLE_DEBUG_INFO = NO;
				MTL_FAST_MATH = YES;
				SDKROOT = iphoneos;
				SWIFT_COMPILATION_MODE = wholemodule;
				SWIFT_OPTIMIZATION_LEVEL = "-O";
				VALIDATE_PRODUCT = YES;
			};
			name = Release;
		};
		59EB0EC127BC200F0025D519 /* Debug */ = {
			isa = XCBuildConfiguration;
			buildSettings = {
				ASSETCATALOG_COMPILER_APPICON_NAME = AppIcon;
				ASSETCATALOG_COMPILER_GLOBAL_ACCENT_COLOR_NAME = AccentColor;
				CODE_SIGN_STYLE = Automatic;
				CURRENT_PROJECT_VERSION = 1;
				GENERATE_INFOPLIST_FILE = YES;
				INFOPLIST_FILE = DiscountApp/Info.plist;
				INFOPLIST_KEY_CFBundleDisplayName = DiscountApp;
				INFOPLIST_KEY_UIApplicationSupportsIndirectInputEvents = YES;
				INFOPLIST_KEY_UILaunchStoryboardName = LaunchScreen;
				INFOPLIST_KEY_UIMainStoryboardFile = Main;
				INFOPLIST_KEY_UISupportedInterfaceOrientations_iPad = "UIInterfaceOrientationPortrait UIInterfaceOrientationPortraitUpsideDown UIInterfaceOrientationLandscapeLeft UIInterfaceOrientationLandscapeRight";
				INFOPLIST_KEY_UISupportedInterfaceOrientations_iPhone = "UIInterfaceOrientationPortrait UIInterfaceOrientationLandscapeLeft UIInterfaceOrientationLandscapeRight";
				LD_RUNPATH_SEARCH_PATHS = (
					"$(inherited)",
					"@executable_path/Frameworks",
				);
				MARKETING_VERSION = 1.0;
				PRODUCT_BUNDLE_IDENTIFIER = nwmsu.DiscountApp;
				PRODUCT_NAME = "$(TARGET_NAME)";
				SWIFT_EMIT_LOC_STRINGS = YES;
				SWIFT_VERSION = 5.0;
				TARGETED_DEVICE_FAMILY = "1,2";
			};
			name = Debug;
		};
		59EB0EC227BC200F0025D519 /* Release */ = {
			isa = XCBuildConfiguration;
			buildSettings = {
				ASSETCATALOG_COMPILER_APPICON_NAME = AppIcon;
				ASSETCATALOG_COMPILER_GLOBAL_ACCENT_COLOR_NAME = AccentColor;
				CODE_SIGN_STYLE = Automatic;
				CURRENT_PROJECT_VERSION = 1;
				GENERATE_INFOPLIST_FILE = YES;
				INFOPLIST_FILE = DiscountApp/Info.plist;
				INFOPLIST_KEY_CFBundleDisplayName = DiscountApp;
				INFOPLIST_KEY_UIApplicationSupportsIndirectInputEvents = YES;
				INFOPLIST_KEY_UILaunchStoryboardName = LaunchScreen;
				INFOPLIST_KEY_UIMainStoryboardFile = Main;
				INFOPLIST_KEY_UISupportedInterfaceOrientations_iPad = "UIInterfaceOrientationPortrait UIInterfaceOrientationPortraitUpsideDown UIInterfaceOrientationLandscapeLeft UIInterfaceOrientationLandscapeRight";
				INFOPLIST_KEY_UISupportedInterfaceOrientations_iPhone = "UIInterfaceOrientationPortrait UIInterfaceOrientationLandscapeLeft UIInterfaceOrientationLandscapeRight";
				LD_RUNPATH_SEARCH_PATHS = (
					"$(inherited)",
					"@executable_path/Frameworks",
				);
				MARKETING_VERSION = 1.0;
				PRODUCT_BUNDLE_IDENTIFIER = nwmsu.DiscountApp;
				PRODUCT_NAME = "$(TARGET_NAME)";
				SWIFT_EMIT_LOC_STRINGS = YES;
				SWIFT_VERSION = 5.0;
				TARGETED_DEVICE_FAMILY = "1,2";
			};
			name = Release;
		};
		59EB0EC427BC200F0025D519 /* Debug */ = {
			isa = XCBuildConfiguration;
			buildSettings = {
				ALWAYS_EMBED_SWIFT_STANDARD_LIBRARIES = YES;
				BUNDLE_LOADER = "$(TEST_HOST)";
				CODE_SIGN_STYLE = Automatic;
				CURRENT_PROJECT_VERSION = 1;
				GENERATE_INFOPLIST_FILE = YES;
				IPHONEOS_DEPLOYMENT_TARGET = 15.2;
				MARKETING_VERSION = 1.0;
				PRODUCT_BUNDLE_IDENTIFIER = nwmsu.DiscountAppTests;
				PRODUCT_NAME = "$(TARGET_NAME)";
				SWIFT_EMIT_LOC_STRINGS = NO;
				SWIFT_VERSION = 5.0;
				TARGETED_DEVICE_FAMILY = "1,2";
				TEST_HOST = "$(BUILT_PRODUCTS_DIR)/DiscountApp.app/DiscountApp";
			};
			name = Debug;
		};
		59EB0EC527BC200F0025D519 /* Release */ = {
			isa = XCBuildConfiguration;
			buildSettings = {
				ALWAYS_EMBED_SWIFT_STANDARD_LIBRARIES = YES;
				BUNDLE_LOADER = "$(TEST_HOST)";
				CODE_SIGN_STYLE = Automatic;
				CURRENT_PROJECT_VERSION = 1;
				GENERATE_INFOPLIST_FILE = YES;
				IPHONEOS_DEPLOYMENT_TARGET = 15.2;
				MARKETING_VERSION = 1.0;
				PRODUCT_BUNDLE_IDENTIFIER = nwmsu.DiscountAppTests;
				PRODUCT_NAME = "$(TARGET_NAME)";
				SWIFT_EMIT_LOC_STRINGS = NO;
				SWIFT_VERSION = 5.0;
				TARGETED_DEVICE_FAMILY = "1,2";
				TEST_HOST = "$(BUILT_PRODUCTS_DIR)/DiscountApp.app/DiscountApp";
			};
			name = Release;
		};
		59EB0EC727BC200F0025D519 /* Debug */ = {
			isa = XCBuildConfiguration;
			buildSettings = {
				ALWAYS_EMBED_SWIFT_STANDARD_LIBRARIES = YES;
				CODE_SIGN_STYLE = Automatic;
				CURRENT_PROJECT_VERSION = 1;
				GENERATE_INFOPLIST_FILE = YES;
				MARKETING_VERSION = 1.0;
				PRODUCT_BUNDLE_IDENTIFIER = nwmsu.DiscountAppUITests;
				PRODUCT_NAME = "$(TARGET_NAME)";
				SWIFT_EMIT_LOC_STRINGS = NO;
				SWIFT_VERSION = 5.0;
				TARGETED_DEVICE_FAMILY = "1,2";
				TEST_TARGET_NAME = DiscountApp;
			};
			name = Debug;
		};
		59EB0EC827BC200F0025D519 /* Release */ = {
			isa = XCBuildConfiguration;
			buildSettings = {
				ALWAYS_EMBED_SWIFT_STANDARD_LIBRARIES = YES;
				CODE_SIGN_STYLE = Automatic;
				CURRENT_PROJECT_VERSION = 1;
				GENERATE_INFOPLIST_FILE = YES;
				MARKETING_VERSION = 1.0;
				PRODUCT_BUNDLE_IDENTIFIER = nwmsu.DiscountAppUITests;
				PRODUCT_NAME = "$(TARGET_NAME)";
				SWIFT_EMIT_LOC_STRINGS = NO;
				SWIFT_VERSION = 5.0;
				TARGETED_DEVICE_FAMILY = "1,2";
				TEST_TARGET_NAME = DiscountApp;
			};
			name = Release;
		};
/* End XCBuildConfiguration section */

/* Begin XCConfigurationList section */
		59EB0E9127BC200D0025D519 /* Build configuration list for PBXProject "DiscountApp" */ = {
			isa = XCConfigurationList;
			buildConfigurations = (
				59EB0EBE27BC200F0025D519 /* Debug */,
				59EB0EBF27BC200F0025D519 /* Release */,
			);
			defaultConfigurationIsVisible = 0;
			defaultConfigurationName = Release;
		};
		59EB0EC027BC200F0025D519 /* Build configuration list for PBXNativeTarget "DiscountApp" */ = {
			isa = XCConfigurationList;
			buildConfigurations = (
				59EB0EC127BC200F0025D519 /* Debug */,
				59EB0EC227BC200F0025D519 /* Release */,
			);
			defaultConfigurationIsVisible = 0;
			defaultConfigurationName = Release;
		};
		59EB0EC327BC200F0025D519 /* Build configuration list for PBXNativeTarget "DiscountAppTests" */ = {
			isa = XCConfigurationList;
			buildConfigurations = (
				59EB0EC427BC200F0025D519 /* Debug */,
				59EB0EC527BC200F0025D519 /* Release */,
			);
			defaultConfigurationIsVisible = 0;
			defaultConfigurationName = Release;
		};
		59EB0EC627BC200F0025D519 /* Build configuration list for PBXNativeTarget "DiscountAppUITests" */ = {
			isa = XCConfigurationList;
			buildConfigurations = (
				59EB0EC727BC200F0025D519 /* Debug */,
				59EB0EC827BC200F0025D519 /* Release */,
			);
			defaultConfigurationIsVisible = 0;
			defaultConfigurationName = Release;
		};
/* End XCConfigurationList section */
	};
	rootObject = 59EB0E8E27BC200D0025D519 /* Project object */;
}
